{
    "_meta": {
        "hash": {
            "sha256": "52201f18446e183e46285df96c0a7a681e5e7b30b629ffaac66007917023e2f2"
        },
        "pipfile-spec": 6,
        "requires": {
            "python_version": "3.7"
        },
        "sources": [
            {
                "name": "pypi",
                "url": "https://pypi.org/simple",
                "verify_ssl": true
            }
        ]
    },
    "default": {
        "greenlet": {
            "hashes": [
                "sha256:000546ad01e6389e98626c1367be58efa613fa82a1be98b0c6fc24b563acc6d0",
                "sha256:0d48200bc50cbf498716712129eef819b1729339e34c3ae71656964dac907c28",
                "sha256:23d12eacffa9d0f290c0fe0c4e81ba6d5f3a5b7ac3c30a5eaf0126bf4deda5c8",
                "sha256:37c9ba82bd82eb6a23c2e5acc03055c0e45697253b2393c9a50cef76a3985304",
                "sha256:51503524dd6f152ab4ad1fbd168fc6c30b5795e8c70be4410a64940b3abb55c0",
                "sha256:8041e2de00e745c0e05a502d6e6db310db7faa7c979b3a5877123548a4c0b214",
                "sha256:81fcd96a275209ef117e9ec91f75c731fa18dcfd9ffaa1c0adbdaa3616a86043",
                "sha256:853da4f9563d982e4121fed8c92eea1a4594a2299037b3034c3c898cb8e933d6",
                "sha256:8b4572c334593d449113f9dc8d19b93b7b271bdbe90ba7509eb178923327b625",
                "sha256:9416443e219356e3c31f1f918a91badf2e37acf297e2fa13d24d1cc2380f8fbc",
                "sha256:9854f612e1b59ec66804931df5add3b2d5ef0067748ea29dc60f0efdcda9a638",
                "sha256:99a26afdb82ea83a265137a398f570402aa1f2b5dfb4ac3300c026931817b163",
                "sha256:a19bf883b3384957e4a4a13e6bd1ae3d85ae87f4beb5957e35b0be287f12f4e4",
                "sha256:a9f145660588187ff835c55a7d2ddf6abfc570c2651c276d3d4be8a2766db490",
                "sha256:ac57fcdcfb0b73bb3203b58a14501abb7e5ff9ea5e2edfa06bb03035f0cff248",
                "sha256:bcb530089ff24f6458a81ac3fa699e8c00194208a724b644ecc68422e1111939",
                "sha256:beeabe25c3b704f7d56b573f7d2ff88fc99f0138e43480cecdfcaa3b87fe4f87",
                "sha256:d634a7ea1fc3380ff96f9e44d8d22f38418c1c381d5fac680b272d7d90883720",
                "sha256:d97b0661e1aead761f0ded3b769044bb00ed5d33e1ec865e891a8b128bf7c656"
            ],
            "version": "==0.4.15"
        },
        "llvmlite": {
            "hashes": [
                "sha256:0db9440d163cd63eb6d94213e33e7134bd015c3d4fb2ba92b70d42527ea8f30b",
                "sha256:0dcdabadd686b650072090fc5fe925dfcfaf1d451c801b38fc6beefc7ec0761c",
                "sha256:32615100c7c9f3101d2608fab5c85afa559406f44bede135d450d3b79f28cf0e",
                "sha256:3ff0024df6816404824a2a7f45b3849b8868005522571c4615f02c0e26336e20",
                "sha256:43aafc62a415d293fa2629b7fb2b114167b877dd1a4b00e9942c5b232a529bc9",
                "sha256:47bf2d974ef95aa36d3c06b9676fca576ce1b0ec6d772c38fc73ffc3155249d8",
                "sha256:5d79c2f118834b72f8d0dd918be311ecd8cac4dee69a07316e214cadea9d2fc6",
                "sha256:5ff86f4b61af73ef1a23748f3c730dd8307487ca4acd6c1e0509164c77a42095",
                "sha256:7d6c818d63ea291e3004c16ffddf252fd316d1593f1f37f49234ab7a5f228117",
                "sha256:822eedc77c90a95f375a8ad61757bf341be81a499003433615f73319ec7b8f6e",
                "sha256:8b18e9d8ef2ba0213e45ded927e81ff9a7776f15f7075e4084d76cfd55d60dea",
                "sha256:96ebb264f386b087b2f860b83937828bccf3689b6e09a76f62de8a5b181d4e15",
                "sha256:a1ec464c712182b57eb4181ba921b01f53dba0b5e64c95888c64c28ab9079c71",
                "sha256:a56788241d45913059ea954b3a442d56cc2511906d150aaf15c21e84494a1ae0",
                "sha256:a5e45723b42a2318be243399816a6f3d1848474579a01124b07661280c131e9f",
                "sha256:cdc0c7441a46e49c0e68ec9ca247d2f140863bc63f5992900137ce1aca5a63e1",
                "sha256:d07b0caa5c79b36de6d28dadd0364434e360e2e97cc02d6ad0ca60e54b8f89f0",
                "sha256:d85b50eb86b16f0f2232277edae3d520e22bc15f141c0cab41aede24a5ab63f7",
                "sha256:fad96e1c91c82f0541a636b2918379009a79ea549218c32591222b1719e75aaf",
                "sha256:fcef99dd51219f6732b792f9fec0f99cea2241dc36ba56d33f7e1500e2c893f4",
                "sha256:fe5b97ace13056ac1640204eaf1585ab35b14975b4257395433aed50f16cfd9f"
            ],
            "version": "==0.27.0"
        },
        "msgpack": {
            "hashes": [
                "sha256:26cb40116111c232bc235ce131cc3b4e76549088cb154e66a2eb8ff6fcc907ec",
                "sha256:300fd3f2c664a3bf473d6a952f843b4a71454f4c592ed7e74a36b205c1782d28",
                "sha256:3129c355342853007de4a2a86e75eab966119733eb15748819b6554363d4e85c",
                "sha256:31f6d645ee5a97d59d3263fab9e6be76f69fa131cddc0d94091a3c8aca30d67a",
                "sha256:3ce7ef7ee2546c3903ca8c934d09250531b80c6127e6478781ae31ed835aac4c",
                "sha256:4008c72f5ef2b7936447dcb83db41d97e9791c83221be13d5e19db0796df1972",
                "sha256:62bd8e43d204580308d477a157b78d3fee2fb4c15d32578108dc5d89866036c8",
                "sha256:70cebfe08fb32f83051971264466eadf183101e335d8107b80002e632f425511",
                "sha256:72cb7cf85e9df5251abd7b61a1af1fb77add15f40fa7328e924a9c0b6bc7a533",
                "sha256:7c55649965c35eb32c499d17dadfb8f53358b961582846e1bc06f66b9bccc556",
                "sha256:86b963a5de11336ec26bc4f839327673c9796b398b9f1fe6bb6150c2a5d00f0f",
                "sha256:8c73c9bcdfb526247c5e4f4f6cf581b9bb86b388df82cfcaffde0a6e7bf3b43a",
                "sha256:8e68c76c6aff4849089962d25346d6784d38e02baa23ffa513cf46be72e3a540",
                "sha256:97ac6b867a8f63debc64f44efdc695109d541ecc361ee2dce2c8884ab37360a1",
                "sha256:9d4f546af72aa001241d74a79caec278bcc007b4bcde4099994732e98012c858",
                "sha256:a28e69fe5468c9f5251c7e4e7232286d71b7dfadc74f312006ebe984433e9746",
                "sha256:fd509d4aa95404ce8d86b4e32ce66d5d706fd6646c205e1c2a715d87078683a2"
            ],
            "version": "==0.6.1"
        },
        "neovim": {
            "hashes": [
                "sha256:a6a0e7a5b4433bf4e6ddcbc5c5ff44170be7d84259d002b8e8d8fb4ee78af60f"
            ],
            "index": "pypi",
            "version": "==0.3.1"
        },
        "numba": {
            "hashes": [
                "sha256:156286463b4ca43f0daa15bfd7208c9feb09a59f43ceae2ae7efe12fe0065d1a",
                "sha256:199cb72bf3f8ffdd88ef14b8f5dfe8e9f54e67ca20e82d7ca553ab83738a41ad",
                "sha256:2732329d8a748f55243461d6fa7573d42bfa2f1662eb4d84d505549949bd7c47",
                "sha256:2953ee02285a50fc558c3a92573e984b47b01a8efde57bd195b14d6193264d99",
                "sha256:2eb83518072012719c9f566895f33e0b569ca7a2006ceca345f8460e942745fd",
                "sha256:2ecffc1eef16c0597325c7d70e1962f4d141373e1c723de58a44d0e101e317c5",
                "sha256:3de1dd3134d0b4c352b04362ab2c5e8ecb314b7ff6b2256266548402ba6b380f",
                "sha256:4025a492c333fb418d02c67ad6f99d970a50c69c49da5eeeb025684bbdf42f79",
                "sha256:408c949db177172341020b5fc46bf3c08a286f787d2777a9b96a838e988e66d0",
                "sha256:62ecaa1362ff54d81766d2476c1a17a958a4878a40ad05cbeea4c0eaff8f9cb0",
                "sha256:650947dc59c5e36b2a1cf05a3ff227b2cb90165e43e07189408b5609117ba065",
                "sha256:6854a6a5411018b713e41e9332ec0d20c931011656f83e88352f7b7099c71a0c",
                "sha256:94115b04dd2a1ff8f1dabf5c389757056725ac03e294167026f736d97a19fcd4",
                "sha256:a04696f35841e8c91ee0c0b266cdd3953f095bd32384c3628e4641e42167ead3",
                "sha256:ae3bcba0cc0f51685dffb6746d5b05af289144c785763688e1b3cafc9bdfef62",
                "sha256:df1c0ad7a35bf803ca918794e930024db5ddce453a4583e9412260701c6cbadd",
                "sha256:ee1ea6bc342f098d3557b6c81828c82cd86fb54ed187f29e8e9317d42b1f825f",
                "sha256:f018851c0dceddc3685a622a1c12737ba5a0e45a3e179cb02a310fe09676f547",
                "sha256:f853877cbd0e47d4028186fda2af263a85cce1ee1fb5a63019c46c478dddb0d1",
                "sha256:fe8e87d96ebe360a8beff92520002d870159f87120a8db818cc8b1fda4756bcb",
                "sha256:ffd1c19787179ef8006d9fbcbb84c15d1c7bc0f99de2797be7b6ebfbfebd7791"
            ],
            "index": "pypi",
            "version": "==0.42.0"
        },
        "numpy": {
            "hashes": [
                "sha256:00a458d6821b1e87be873f2126d5646b901047a7480e8ae9773ecf214f0e19f3",
                "sha256:0470c5dc32212a08ebc2405f32e8ceb9a5b1c8ac61a2daf9835ec0856a220495",
                "sha256:24a9c287a4a1c427c2d45bf7c4fc6180c52a08fa0990d4c94e4c86a9b1e23ba5",
                "sha256:25600e8901012180a1b7cd1ac3e27e7793586ecd432383191929ac2edf37ff5d",
                "sha256:2d279bd99329e72c30937bdef82b6dc7779c7607c5a379bab1bf76be1f4c1422",
                "sha256:32af2bcf4bb7631dac19736a6e092ec9715e770dcaa1f85fcd99dec5040b2a4d",
                "sha256:3e90a9fce378114b6c2fc01fff7423300515c7b54b7cc71b02a22bc0bd7dfdd8",
                "sha256:5774d49516c37fd3fc1f232e033d2b152f3323ca4c7bfefd7277e4c67f3c08b4",
                "sha256:64ff21aac30d40c20ba994c94a08d439b8ced3b9c704af897e9e4ba09d10e62c",
                "sha256:803b2af862dcad6c11231ea3cd1015d1293efd6c87088be33d713a9b23e9e419",
                "sha256:95c830b09626508f7808ce7f1344fb98068e63143e6050e5dc3063142fc60007",
                "sha256:96e49a0c82b4e3130093002f625545104037c2d25866fa2e0c90d6e54f5a1fbc",
                "sha256:a1dd8221f0e69038748f47b8bb3248d0b9ecdf13fe837440951c3d5ff72639bb",
                "sha256:a80ecac5664f420556a725a5646f2d1c60a7c0489d68a38b5056393e949e27ac",
                "sha256:b19a47ff1bd2fca0cacdfa830c967746764c32dca6a0c0328d9c893f4bfe2f6b",
                "sha256:be43df2c563e264b38e3318574d80fc8f365df3fb745270934d2dbe54e006f41",
                "sha256:c40cb17188f6ae3c5b6efc6f0fd43a7ddd219b7807fe179e71027849a9b91afc",
                "sha256:c6251e0f0ecac53ba2b99d9f0cc16fa9021914a78869c38213c436ba343641f0",
                "sha256:cb189bd98b2e7ac02df389b6212846ab20661f4bafe16b5a70a6f1728c1cc7cb",
                "sha256:ef4ae41add536cb825d8aa029c15ef510aead06ea5b68daea64f0b9ecbff17db",
                "sha256:f00a2c21f60284e024bba351875f3501c6d5817d64997a0afe4f4355161a8889",
                "sha256:f1232f98a6bbd6d1678249f94028bccc541bbc306aa5c4e1471a881b0e5a3409",
                "sha256:fea682f6ddc09517df0e6d5caad9613c6d91a42232aeb082df67e4d205de19cc"
            ],
            "index": "pypi",
            "version": "==1.16.0"
        },
        "pynvim": {
            "hashes": [
                "sha256:cf6490c4e586c9da01a32f3e0ae21c61342d7ea171e06025bda210bdc95cbe05"
            ],
            "version": "==0.3.2"
        }
    },
    "develop": {}
}
